
Microsoft Visual Studio Solution File, Format Version 12.00
# Visual Studio Version 17
VisualStudioVersion = 17.4.33213.308
MinimumVisualStudioVersion = 10.0.40219.1
Project("{FAE04EC0-301F-11D3-BF4B-00C04F79EFBC}") = "Ayda.Ecommerce.Web", "Ayda.Ecommerce.Web\Ayda.Ecommerce.Web.csproj", "{C59A24B4-2189-46A7-A359-0952B0CBCF61}"
EndProject
Project("{FAE04EC0-301F-11D3-BF4B-00C04F79EFBC}") = "Ayda.Ecommerce.Domains", "Ayda.Ecommerce.Domains\Ayda.Ecommerce.Domains.csproj", "{177D552E-9227-4B44-8307-80619090B029}"
EndProject
Project("{FAE04EC0-301F-11D3-BF4B-00C04F79EFBC}") = "Ayda.Ecommerce.Data", "Ayda.Ecommerce.Data\Ayda.Ecommerce.Data.csproj", "{FC0D627D-2AAE-44AD-B18D-6CE15B4C217F}"
EndProject
Project("{FAE04EC0-301F-11D3-BF4B-00C04F79EFBC}") = "Ayda.Ecommerce.App", "Ayda.Ecommerce.App\Ayda.Ecommerce.App.csproj", "{378CF596-EA40-463F-B628-C9CF46663A23}"
EndProject
Project("{FAE04EC0-301F-11D3-BF4B-00C04F79EFBC}") = "Ayda.Ecommerce.ShareModels", "Ayda.Ecommerce.ShareModels\Ayda.Ecommerce.ShareModels.csproj", "{0A14EE60-7479-4E03-9319-D593D47BBCEE}"
EndProject
Project("{FAE04EC0-301F-11D3-BF4B-00C04F79EFBC}") = "Ayda.Ecommerce.Mapp", "Ayda.Ecommerce.Mapp\Ayda.Ecommerce.Mapp.csproj", "{10E7069B-4D6D-4BC8-8212-F9604ECE2A53}"
EndProject
Project("{FAE04EC0-301F-11D3-BF4B-00C04F79EFBC}") = "Ayda.Ecommerce.Utilities", "Ayda.Ecommerce.Utilities\Ayda.Ecommerce.Utilities.csproj", "{D8194A8A-6A97-414C-A788-2F6DD0F52184}"
EndProject
Global
	GlobalSection(SolutionConfigurationPlatforms) = preSolution
		Debug|Any CPU = Debug|Any CPU
		Release|Any CPU = Release|Any CPU
	EndGlobalSection
	GlobalSection(ProjectConfigurationPlatforms) = postSolution
		{C59A24B4-2189-46A7-A359-0952B0CBCF61}.Debug|Any CPU.ActiveCfg = Debug|Any CPU
		{C59A24B4-2189-46A7-A359-0952B0CBCF61}.Debug|Any CPU.Build.0 = Debug|Any CPU
		{C59A24B4-2189-46A7-A359-0952B0CBCF61}.Release|Any CPU.ActiveCfg = Release|Any CPU
		{C59A24B4-2189-46A7-A359-0952B0CBCF61}.Release|Any CPU.Build.0 = Release|Any CPU
		{177D552E-9227-4B44-8307-80619090B029}.Debug|Any CPU.ActiveCfg = Debug|Any CPU
		{177D552E-9227-4B44-8307-80619090B029}.Debug|Any CPU.Build.0 = Debug|Any CPU
		{177D552E-9227-4B44-8307-80619090B029}.Release|Any CPU.ActiveCfg = Release|Any CPU
		{177D552E-9227-4B44-8307-80619090B029}.Release|Any CPU.Build.0 = Release|Any CPU
		{FC0D627D-2AAE-44AD-B18D-6CE15B4C217F}.Debug|Any CPU.ActiveCfg = Debug|Any CPU
		{FC0D627D-2AAE-44AD-B18D-6CE15B4C217F}.Debug|Any CPU.Build.0 = Debug|Any CPU
		{FC0D627D-2AAE-44AD-B18D-6CE15B4C217F}.Release|Any CPU.ActiveCfg = Release|Any CPU
		{FC0D627D-2AAE-44AD-B18D-6CE15B4C217F}.Release|Any CPU.Build.0 = Release|Any CPU
		{378CF596-EA40-463F-B628-C9CF46663A23}.Debug|Any CPU.ActiveCfg = Debug|Any CPU
		{378CF596-EA40-463F-B628-C9CF46663A23}.Debug|Any CPU.Build.0 = Debug|Any CPU
		{378CF596-EA40-463F-B628-C9CF46663A23}.Release|Any CPU.ActiveCfg = Release|Any CPU
		{378CF596-EA40-463F-B628-C9CF46663A23}.Release|Any CPU.Build.0 = Release|Any CPU
		{0A14EE60-7479-4E03-9319-D593D47BBCEE}.Debug|Any CPU.ActiveCfg = Debug|Any CPU
		{0A14EE60-7479-4E03-9319-D593D47BBCEE}.Debug|Any CPU.Build.0 = Debug|Any CPU
		{0A14EE60-7479-4E03-9319-D593D47BBCEE}.Release|Any CPU.ActiveCfg = Release|Any CPU
		{0A14EE60-7479-4E03-9319-D593D47BBCEE}.Release|Any CPU.Build.0 = Release|Any CPU
		{10E7069B-4D6D-4BC8-8212-F9604ECE2A53}.Debug|Any CPU.ActiveCfg = Debug|Any CPU
		{10E7069B-4D6D-4BC8-8212-F9604ECE2A53}.Debug|Any CPU.Build.0 = Debug|Any CPU
		{10E7069B-4D6D-4BC8-8212-F9604ECE2A53}.Release|Any CPU.ActiveCfg = Release|Any CPU
		{10E7069B-4D6D-4BC8-8212-F9604ECE2A53}.Release|Any CPU.Build.0 = Release|Any CPU
		{D8194A8A-6A97-414C-A788-2F6DD0F52184}.Debug|Any CPU.ActiveCfg = Debug|Any CPU
		{D8194A8A-6A97-414C-A788-2F6DD0F52184}.Debug|Any CPU.Build.0 = Debug|Any CPU
		{D8194A8A-6A97-414C-A788-2F6DD0F52184}.Release|Any CPU.ActiveCfg = Release|Any CPU
		{D8194A8A-6A97-414C-A788-2F6DD0F52184}.Release|Any CPU.Build.0 = Release|Any CPU
	EndGlobalSection
	GlobalSection(SolutionProperties) = preSolution
		HideSolutionNode = FALSE
	EndGlobalSection
	GlobalSection(ExtensibilityGlobals) = postSolution
		SolutionGuid = {E5E334CD-3CA7-4D3D-B9EB-85C7D173AED8}
	EndGlobalSection
EndGlobal
